dependencies:
- name: dex
  repository: https://charts.dexidp.io
  version: 0.16.0
- name: oauth2-proxy
  repository: https://oauth2-proxy.github.io/manifests
  version: 7.5.3
- name: httpbin
  repository: https://conservis.github.io/helm-charts
  version: 1.1.0
- name: hello-world
  repository: https://conservis.github.io/helm-charts
  version: 1.1.0
digest: sha256:167cd5ce079a82f34303e9aeba622c96a17a558761b8041a8e9424941be375e9
generated: "2024-05-02T03:14:16.633516504Z"
